{
  "pins" : [
    {
      "identity" : "adhan-swift",
      "kind" : "remoteSourceControl",
      "location" : "https://github.com/babyyoda777/Adhan-Swift",
      "state" : {
        "revision" : "a25914deefb99db7d77f9373715cbb43e9c4b523",
        "version" : "1.0.0"
      }
    },
    {
      "identity" : "swiftaudio",
      "kind" : "remoteSourceControl",
      "location" : "https://github.com/DoubleSymmetry/SwiftAudio.git",
      "state" : {
        "branch" : "main",
        "revision" : "23fdb9b9db4b759cf99390ae8c5381dc7a21a0ae"
      }
    }
  ],
  "version" : 2
}
